# THIS IS AN AUTOGENERATED FILE. DO NOT EDIT THIS FILE DIRECTLY.
# yarn lockfile v1


react-native-nitro-modules@*:
  version "0.35.9"
  resolved "https://registry.yarnpkg.com/react-native-nitro-modules/-/react-native-nitro-modules-0.35.9.tgz#fe84f9fbcfc93305018fe3773cf0b39d8efa9c6d"
  integrity sha512-yCO6eJ85SPPUo4a4an7H5oj6wPCSIT72fbjr5WZ/20n6zswaJ2gNNpnWtg2We0AZwkAOjSqkOJ0Vjc05p6kGiA==

typescript@^5.4.5:
  version "5.9.3"
  resolved "https://registry.yarnpkg.com/typescript/-/typescript-5.9.3.tgz#5b4f59e15310ab17a216f5d6cf53ee476ede670f"
  integrity sha512-jl1vZzPDinLr9eUt3J/t7V6FgNEw9QjvBPdysz9KfQDD41fQrC2Y4vKQdiaUpFT4bXlb1RHhLpp8wtm6M5TgSw==
